
Microsoft Visual Studio Solution File, Format Version 12.00
# Visual Studio Version 16
VisualStudioVersion = 16.0.31205.134
MinimumVisualStudioVersion = 10.0.40219.1
Project("{FAE04EC0-301F-11D3-BF4B-00C04F79EFBC}") = "Projektpos1", "Projektpos1\Projektpos1.csproj", "{EB76E801-B60A-4DA4-B3AB-85C6923D62B9}"
EndProject
Global
	GlobalSection(SolutionConfigurationPlatforms) = preSolution
		Debug|Any CPU = Debug|Any CPU
		Release|Any CPU = Release|Any CPU
	EndGlobalSection
	GlobalSection(ProjectConfigurationPlatforms) = postSolution
		{EB76E801-B60A-4DA4-B3AB-85C6923D62B9}.Debug|Any CPU.ActiveCfg = Debug|Any CPU
		{EB76E801-B60A-4DA4-B3AB-85C6923D62B9}.Debug|Any CPU.Build.0 = Debug|Any CPU
		{EB76E801-B60A-4DA4-B3AB-85C6923D62B9}.Release|Any CPU.ActiveCfg = Release|Any CPU
		{EB76E801-B60A-4DA4-B3AB-85C6923D62B9}.Release|Any CPU.Build.0 = Release|Any CPU
	EndGlobalSection
	GlobalSection(SolutionProperties) = preSolution
		HideSolutionNode = FALSE
	EndGlobalSection
	GlobalSection(ExtensibilityGlobals) = postSolution
		SolutionGuid = {B9D7E7E7-BD6D-4A15-AE4C-BBCC41038A1A}
	EndGlobalSection
EndGlobal
